
Microsoft Visual Studio Solution File, Format Version 12.00
# Visual Studio Version 16
VisualStudioVersion = 16.0.29709.97
MinimumVisualStudioVersion = 10.0.40219.1
Project("{FAE04EC0-301F-11D3-BF4B-00C04F79EFBC}") = "WebApplicationExample", "WebApplicationExample\WebApplicationExample.csproj", "{0F9DDD8D-0073-4FD6-9602-9F25A20A0B1D}"
EndProject
Global
	GlobalSection(SolutionConfigurationPlatforms) = preSolution
		Debug|Any CPU = Debug|Any CPU
		Release|Any CPU = Release|Any CPU
	EndGlobalSection
	GlobalSection(ProjectConfigurationPlatforms) = postSolution
		{0F9DDD8D-0073-4FD6-9602-9F25A20A0B1D}.Debug|Any CPU.ActiveCfg = Debug|Any CPU
		{0F9DDD8D-0073-4FD6-9602-9F25A20A0B1D}.Debug|Any CPU.Build.0 = Debug|Any CPU
		{0F9DDD8D-0073-4FD6-9602-9F25A20A0B1D}.Release|Any CPU.ActiveCfg = Release|Any CPU
		{0F9DDD8D-0073-4FD6-9602-9F25A20A0B1D}.Release|Any CPU.Build.0 = Release|Any CPU
	EndGlobalSection
	GlobalSection(SolutionProperties) = preSolution
		HideSolutionNode = FALSE
	EndGlobalSection
	GlobalSection(ExtensibilityGlobals) = postSolution
		SolutionGuid = {0DDFECED-8266-4961-8CB3-820DF50FEB8B}
	EndGlobalSection
EndGlobal
